Microsoft Visual Studio Solution File, Format Version 12.00
# Visual Studio 2012
Project("{FAE04EC0-301F-11D3-BF4B-00C04F79EFBC}") = "Quinquennium", "Quinquennium.csproj", "{EB9B61EA-3EF3-4C9D-842C-BD510B0C342A}"
EndProject
Global
	GlobalSection(SolutionConfigurationPlatforms) = preSolution
	Debug|Any CPU = Debug|Any CPU
	ExportDebug|Any CPU = ExportDebug|Any CPU
	ExportRelease|Any CPU = ExportRelease|Any CPU
	EndGlobalSection
	GlobalSection(ProjectConfigurationPlatforms) = postSolution
		{EB9B61EA-3EF3-4C9D-842C-BD510B0C342A}.Debug|Any CPU.ActiveCfg = Debug|Any CPU
		{EB9B61EA-3EF3-4C9D-842C-BD510B0C342A}.Debug|Any CPU.Build.0 = Debug|Any CPU
		{EB9B61EA-3EF3-4C9D-842C-BD510B0C342A}.ExportDebug|Any CPU.ActiveCfg = ExportDebug|Any CPU
		{EB9B61EA-3EF3-4C9D-842C-BD510B0C342A}.ExportDebug|Any CPU.Build.0 = ExportDebug|Any CPU
		{EB9B61EA-3EF3-4C9D-842C-BD510B0C342A}.ExportRelease|Any CPU.ActiveCfg = ExportRelease|Any CPU
		{EB9B61EA-3EF3-4C9D-842C-BD510B0C342A}.ExportRelease|Any CPU.Build.0 = ExportRelease|Any CPU
	EndGlobalSection
EndGlobal
